// !$*UTF8*$!
{
	archiveVersion = 1;
	classes = {
	};
	objectVersion = 55;
	objects = {

/* Begin PBXBuildFile section */
		88441972298C31BA006E966F /* ChatGPTAPI.swift in Sources */ = {isa = PBXBuildFile; fileRef = 88441971298C31BA006E966F /* ChatGPTAPI.swift */; };
		88457D0F29882CC500AF1F6E /* ChatGPTApp.swift in Sources */ = {isa = PBXBuildFile; fileRef = 88457D0E29882CC500AF1F6E /* ChatGPTApp.swift */; };
		88457D1129882CC500AF1F6E /* ChatView.swift in Sources */ = {isa = PBXBuildFile; fileRef = 88457D1029882CC500AF1F6E /* ChatView.swift */; };
		88457D1329882CC600AF1F6E /* Assets.xcassets in Resources */ = {isa = PBXBuildFile; fileRef = 88457D1229882CC600AF1F6E /* Assets.xcassets */; };
		88457D1629882CC600AF1F6E /* Preview Assets.xcassets in Resources */ = {isa = PBXBuildFile; fileRef = 88457D1529882CC600AF1F6E /* Preview Assets.xcassets */; };
		88457D1E298834F600AF1F6E /* Alamofire in Frameworks */ = {isa = PBXBuildFile; productRef = 88457D1D298834F600AF1F6E /* Alamofire */; };
		88457D22298838C900AF1F6E /* ChatMessage.swift in Sources */ = {isa = PBXBuildFile; fileRef = 88457D21298838C900AF1F6E /* ChatMessage.swift */; };
		88BC83B1298957590070FC21 /* Constants.swift in Sources */ = {isa = PBXBuildFile; fileRef = 88BC83B0298957590070FC21 /* Constants.swift */; };
		88BC83B4298957960070FC21 /* OpenAIService.swift in Sources */ = {isa = PBXBuildFile; fileRef = 88BC83B3298957960070FC21 /* OpenAIService.swift */; };
		88BC83B6298958F90070FC21 /* OpenAICompletionsBody.swift in Sources */ = {isa = PBXBuildFile; fileRef = 88BC83B5298958F90070FC21 /* OpenAICompletionsBody.swift */; };
		88BC83B829895B0C0070FC21 /* OpenAICompletionsResponse.swift in Sources */ = {isa = PBXBuildFile; fileRef = 88BC83B729895B0C0070FC21 /* OpenAICompletionsResponse.swift */; };
		88BC83BA29895B4F0070FC21 /* OpenAICompletionsChoice.swift in Sources */ = {isa = PBXBuildFile; fileRef = 88BC83B929895B4F0070FC21 /* OpenAICompletionsChoice.swift */; };
/* End PBXBuildFile section */

/* Begin PBXFileReference section */
		88441971298C31BA006E966F /* ChatGPTAPI.swift */ = {isa = PBXFileReference; lastKnownFileType = sourcecode.swift; path = ChatGPTAPI.swift; sourceTree = "<group>"; };
		88457D0B29882CC500AF1F6E /* ChatGPT.app */ = {isa = PBXFileReference; explicitFileType = wrapper.application; includeInIndex = 0; path = ChatGPT.app; sourceTree = BUILT_PRODUCTS_DIR; };
		88457D0E29882CC500AF1F6E /* ChatGPTApp.swift */ = {isa = PBXFileReference; lastKnownFileType = sourcecode.swift; path = ChatGPTApp.swift; sourceTree = "<group>"; };
		88457D1029882CC500AF1F6E /* ChatView.swift */ = {isa = PBXFileReference; lastKnownFileType = sourcecode.swift; path = ChatView.swift; sourceTree = "<group>"; };
		88457D1229882CC600AF1F6E /* Assets.xcassets */ = {isa = PBXFileReference; lastKnownFileType = folder.assetcatalog; path = Assets.xcassets; sourceTree = "<group>"; };
		88457D1529882CC600AF1F6E /* Preview Assets.xcassets */ = {isa = PBXFileReference; lastKnownFileType = folder.assetcatalog; path = "Preview Assets.xcassets"; sourceTree = "<group>"; };
		88457D21298838C900AF1F6E /* ChatMessage.swift */ = {isa = PBXFileReference; lastKnownFileType = sourcecode.swift; path = ChatMessage.swift; sourceTree = "<group>"; };
		88BC83B0298957590070FC21 /* Constants.swift */ = {isa = PBXFileReference; lastKnownFileType = sourcecode.swift; path = Constants.swift; sourceTree = "<group>"; };
		88BC83B3298957960070FC21 /* OpenAIService.swift */ = {isa = PBXFileReference; lastKnownFileType = sourcecode.swift; path = OpenAIService.swift; sourceTree = "<group>"; };
		88BC83B5298958F90070FC21 /* OpenAICompletionsBody.swift */ = {isa = PBXFileReference; lastKnownFileType = sourcecode.swift; path = OpenAICompletionsBody.swift; sourceTree = "<group>"; };
		88BC83B729895B0C0070FC21 /* OpenAICompletionsResponse.swift */ = {isa = PBXFileReference; lastKnownFileType = sourcecode.swift; path = OpenAICompletionsResponse.swift; sourceTree = "<group>"; };
		88BC83B929895B4F0070FC21 /* OpenAICompletionsChoice.swift */ = {isa = PBXFileReference; lastKnownFileType = sourcecode.swift; path = OpenAICompletionsChoice.swift; sourceTree = "<group>"; };
/* End PBXFileReference section */

/* Begin PBXFrameworksBuildPhase section */
		88457D0829882CC500AF1F6E /* Frameworks */ = {
			isa = PBXFrameworksBuildPhase;
			buildActionMask = 2147483647;
			files = (
				88457D1E298834F600AF1F6E /* Alamofire in Frameworks */,
			);
			runOnlyForDeploymentPostprocessing = 0;
		};
/* End PBXFrameworksBuildPhase section */

/* Begin PBXGroup section */
		88457D0229882CC500AF1F6E = {
			isa = PBXGroup;
			children = (
				88457D0D29882CC500AF1F6E /* ChatGPT */,
				88457D0C29882CC500AF1F6E /* Products */,
			);
			sourceTree = "<group>";
		};
		88457D0C29882CC500AF1F6E /* Products */ = {
			isa = PBXGroup;
			children = (
				88457D0B29882CC500AF1F6E /* ChatGPT.app */,
			);
			name = Products;
			sourceTree = "<group>";
		};
		88457D0D29882CC500AF1F6E /* ChatGPT */ = {
			isa = PBXGroup;
			children = (
				88457D0E29882CC500AF1F6E /* ChatGPTApp.swift */,
				88BC83B2298957860070FC21 /* Service */,
				88457D1F298835F400AF1F6E /* Model */,
				88457D202988360200AF1F6E /* View */,
				88BC83AF2989574D0070FC21 /* Utils */,
				88457D1229882CC600AF1F6E /* Assets.xcassets */,
				88457D1429882CC600AF1F6E /* Preview Content */,
			);
			path = ChatGPT;
			sourceTree = "<group>";
		};
		88457D1429882CC600AF1F6E /* Preview Content */ = {
			isa = PBXGroup;
			children = (
				88457D1529882CC600AF1F6E /* Preview Assets.xcassets */,
			);
			path = "Preview Content";
			sourceTree = "<group>";
		};
		88457D1F298835F400AF1F6E /* Model */ = {
			isa = PBXGroup;
			children = (
				88457D21298838C900AF1F6E /* ChatMessage.swift */,
				88BC83B5298958F90070FC21 /* OpenAICompletionsBody.swift */,
				88BC83B729895B0C0070FC21 /* OpenAICompletionsResponse.swift */,
				88BC83B929895B4F0070FC21 /* OpenAICompletionsChoice.swift */,
			);
			path = Model;
			sourceTree = "<group>";
		};
		88457D202988360200AF1F6E /* View */ = {
			isa = PBXGroup;
			children = (
				88457D1029882CC500AF1F6E /* ChatView.swift */,
			);
			path = View;
			sourceTree = "<group>";
		};
		88BC83AF2989574D0070FC21 /* Utils */ = {
			isa = PBXGroup;
			children = (
				88BC83B0298957590070FC21 /* Constants.swift */,
			);
			path = Utils;
			sourceTree = "<group>";
		};
		88BC83B2298957860070FC21 /* Service */ = {
			isa = PBXGroup;
			children = (
				88BC83B3298957960070FC21 /* OpenAIService.swift */,
				88441971298C31BA006E966F /* ChatGPTAPI.swift */,
			);
			path = Service;
			sourceTree = "<group>";
		};
/* End PBXGroup section */

/* Begin PBXNativeTarget section */
		88457D0A29882CC500AF1F6E /* ChatGPT */ = {
			isa = PBXNativeTarget;
			buildConfigurationList = 88457D1929882CC600AF1F6E /* Build configuration list for PBXNativeTarget "ChatGPT" */;
			buildPhases = (
				88457D0729882CC500AF1F6E /* Sources */,
				88457D0829882CC500AF1F6E /* Frameworks */,
				88457D0929882CC500AF1F6E /* Resources */,
			);
			buildRules = (
			);
			dependencies = (
			);
			name = ChatGPT;
			packageProductDependencies = (
				88457D1D298834F600AF1F6E /* Alamofire */,
			);
			productName = ChatGPT;
			productReference = 88457D0B29882CC500AF1F6E /* ChatGPT.app */;
			productType = "com.apple.product-type.application";
		};
/* End PBXNativeTarget section */

/* Begin PBXProject section */
		88457D0329882CC500AF1F6E /* Project object */ = {
			isa = PBXProject;
			attributes = {
				BuildIndependentTargetsInParallel = 1;
				LastSwiftUpdateCheck = 1320;
				LastUpgradeCheck = 1320;
				TargetAttributes = {
					88457D0A29882CC500AF1F6E = {
						CreatedOnToolsVersion = 13.2.1;
					};
				};
			};
			buildConfigurationList = 88457D0629882CC500AF1F6E /* Build configuration list for PBXProject "ChatGPT" */;
			compatibilityVersion = "Xcode 13.0";
			developmentRegion = en;
			hasScannedForEncodings = 0;
			knownRegions = (
				en,
				Base,
			);
			mainGroup = 88457D0229882CC500AF1F6E;
			packageReferences = (
				88457D1C298834F600AF1F6E /* XCRemoteSwiftPackageReference "Alamofire" */,
			);
			productRefGroup = 88457D0C29882CC500AF1F6E /* Products */;
			projectDirPath = "";
			projectRoot = "";
			targets = (
				88457D0A29882CC500AF1F6E /* ChatGPT */,
			);
		};
/* End PBXProject section */

/* Begin PBXResourcesBuildPhase section */
		88457D0929882CC500AF1F6E /* Resources */ = {
			isa = PBXResourcesBuildPhase;
			buildActionMask = 2147483647;
			files = (
				88457D1629882CC600AF1F6E /* Preview Assets.xcassets in Resources */,
				88457D1329882CC600AF1F6E /* Assets.xcassets in Resources */,
			);
			runOnlyForDeploymentPostprocessing = 0;
		};
/* End PBXResourcesBuildPhase section */

/* Begin PBXSourcesBuildPhase section */
		88457D0729882CC500AF1F6E /* Sources */ = {
			isa = PBXSourcesBuildPhase;
			buildActionMask = 2147483647;
			files = (
				88BC83B829895B0C0070FC21 /* OpenAICompletionsResponse.swift in Sources */,
				88457D22298838C900AF1F6E /* ChatMessage.swift in Sources */,
				88BC83B6298958F90070FC21 /* OpenAICompletionsBody.swift in Sources */,
				88441972298C31BA006E966F /* ChatGPTAPI.swift in Sources */,
				88457D1129882CC500AF1F6E /* ChatView.swift in Sources */,
				88BC83B4298957960070FC21 /* OpenAIService.swift in Sources */,
				88457D0F29882CC500AF1F6E /* ChatGPTApp.swift in Sources */,
				88BC83BA29895B4F0070FC21 /* OpenAICompletionsChoice.swift in Sources */,
				88BC83B1298957590070FC21 /* Constants.swift in Sources */,
			);
			runOnlyForDeploymentPostprocessing = 0;
		};
/* End PBXSourcesBuildPhase section */

/* Begin XCBuildConfiguration section */
		88457D1729882CC600AF1F6E /* Debug */ = {
			isa = XCBuildConfiguration;
			buildSettings = {
				ALWAYS_SEARCH_USER_PATHS = NO;
				CLANG_ANALYZER_NONNULL = YES;
				CLANG_ANALYZER_NUMBER_OBJECT_CONVERSION = YES_AGGRESSIVE;
				CLANG_CXX_LANGUAGE_STANDARD = "gnu++17";
				CLANG_CXX_LIBRARY = "libc++";
				CLANG_ENABLE_MODULES = YES;
				CLANG_ENABLE_OBJC_ARC = YES;
				CLANG_ENABLE_OBJC_WEAK = YES;
				CLANG_WARN_BLOCK_CAPTURE_AUTORELEASING = YES;
				CLANG_WARN_BOOL_CONVERSION = YES;
				CLANG_WARN_COMMA = YES;
				CLANG_WARN_CONSTANT_CONVERSION = YES;
				CLANG_WARN_DEPRECATED_OBJC_IMPLEMENTATIONS = YES;
				CLANG_WARN_DIRECT_OBJC_ISA_USAGE = YES_ERROR;
				CLANG_WARN_DOCUMENTATION_COMMENTS = YES;
				CLANG_WARN_EMPTY_BODY = YES;
				CLANG_WARN_ENUM_CONVERSION = YES;
				CLANG_WARN_INFINITE_RECURSION = YES;
				CLANG_WARN_INT_CONVERSION = YES;
				CLANG_WARN_NON_LITERAL_NULL_CONVERSION = YES;
				CLANG_WARN_OBJC_IMPLICIT_RETAIN_SELF = YES;
				CLANG_WARN_OBJC_LITERAL_CONVERSION = YES;
				CLANG_WARN_OBJC_ROOT_CLASS = YES_ERROR;
				CLANG_WARN_QUOTED_INCLUDE_IN_FRAMEWORK_HEADER = YES;
				CLANG_WARN_RANGE_LOOP_ANALYSIS = YES;
				CLANG_WARN_STRICT_PROTOTYPES = YES;
				CLANG_WARN_SUSPICIOUS_MOVE = YES;
				CLANG_WARN_UNGUARDED_AVAILABILITY = YES_AGGRESSIVE;
				CLANG_WARN_UNREACHABLE_CODE = YES;
				CLANG_WARN__DUPLICATE_METHOD_MATCH = YES;
				COPY_PHASE_STRIP = NO;
				DEBUG_INFORMATION_FORMAT = dwarf;
				ENABLE_STRICT_OBJC_MSGSEND = YES;
				ENABLE_TESTABILITY = YES;
				GCC_C_LANGUAGE_STANDARD = gnu11;
				GCC_DYNAMIC_NO_PIC = NO;
				GCC_NO_COMMON_BLOCKS = YES;
				GCC_OPTIMIZATION_LEVEL = 0;
				GCC_PREPROCESSOR_DEFINITIONS = (
					"DEBUG=1",
					"$(inherited)",
				);
				GCC_WARN_64_TO_32_BIT_CONVERSION = YES;
				GCC_WARN_ABOUT_RETURN_TYPE = YES_ERROR;
				GCC_WARN_UNDECLARED_SELECTOR = YES;
				GCC_WARN_UNINITIALIZED_AUTOS = YES_AGGRESSIVE;
				GCC_WARN_UNUSED_FUNCTION = YES;
				GCC_WARN_UNUSED_VARIABLE = YES;
				IPHONEOS_DEPLOYMENT_TARGET = 15.0;
				MTL_ENABLE_DEBUG_INFO = INCLUDE_SOURCE;
				MTL_FAST_MATH = YES;
				ONLY_ACTIVE_ARCH = YES;
				SDKROOT = iphoneos;
				SWIFT_ACTIVE_COMPILATION_CONDITIONS = DEBUG;
				SWIFT_OPTIMIZATION_LEVEL = "-Onone";
			};
			name = Debug;
		};
		88457D1829882CC600AF1F6E /* Release */ = {
			isa = XCBuildConfiguration;
			buildSettings = {
				ALWAYS_SEARCH_USER_PATHS = NO;
				CLANG_ANALYZER_NONNULL = YES;
				CLANG_ANALYZER_NUMBER_OBJECT_CONVERSION = YES_AGGRESSIVE;
				CLANG_CXX_LANGUAGE_STANDARD = "gnu++17";
				CLANG_CXX_LIBRARY = "libc++";
				CLANG_ENABLE_MODULES = YES;
				CLANG_ENABLE_OBJC_ARC = YES;
				CLANG_ENABLE_OBJC_WEAK = YES;
				CLANG_WARN_BLOCK_CAPTURE_AUTORELEASING = YES;
				CLANG_WARN_BOOL_CONVERSION = YES;
				CLANG_WARN_COMMA = YES;
				CLANG_WARN_CONSTANT_CONVERSION = YES;
				CLANG_WARN_DEPRECATED_OBJC_IMPLEMENTATIONS = YES;
				CLANG_WARN_DIRECT_OBJC_ISA_USAGE = YES_ERROR;
				CLANG_WARN_DOCUMENTATION_COMMENTS = YES;
				CLANG_WARN_EMPTY_BODY = YES;
				CLANG_WARN_ENUM_CONVERSION = YES;
				CLANG_WARN_INFINITE_RECURSION = YES;
				CLANG_WARN_INT_CONVERSION = YES;
				CLANG_WARN_NON_LITERAL_NULL_CONVERSION = YES;
				CLANG_WARN_OBJC_IMPLICIT_RETAIN_SELF = YES;
				CLANG_WARN_OBJC_LITERAL_CONVERSION = YES;
				CLANG_WARN_OBJC_ROOT_CLASS = YES_ERROR;
				CLANG_WARN_QUOTED_INCLUDE_IN_FRAMEWORK_HEADER = YES;
				CLANG_WARN_RANGE_LOOP_ANALYSIS = YES;
				CLANG_WARN_STRICT_PROTOTYPES = YES;
				CLANG_WARN_SUSPICIOUS_MOVE = YES;
				CLANG_WARN_UNGUARDED_AVAILABILITY = YES_AGGRESSIVE;
				CLANG_WARN_UNREACHABLE_CODE = YES;
				CLANG_WARN__DUPLICATE_METHOD_MATCH = YES;
				COPY_PHASE_STRIP = NO;
				DEBUG_INFORMATION_FORMAT = "dwarf-with-dsym";
				ENABLE_NS_ASSERTIONS = NO;
				ENABLE_STRICT_OBJC_MSGSEND = YES;
				GCC_C_LANGUAGE_STANDARD = gnu11;
				GCC_NO_COMMON_BLOCKS = YES;
				GCC_WARN_64_TO_32_BIT_CONVERSION = YES;
				GCC_WARN_ABOUT_RETURN_TYPE = YES_ERROR;
				GCC_WARN_UNDECLARED_SELECTOR = YES;
				GCC_WARN_UNINITIALIZED_AUTOS = YES_AGGRESSIVE;
				GCC_WARN_UNUSED_FUNCTION = YES;
				GCC_WARN_UNUSED_VARIABLE = YES;
				IPHONEOS_DEPLOYMENT_TARGET = 15.0;
				MTL_ENABLE_DEBUG_INFO = NO;
				MTL_FAST_MATH = YES;
				SDKROOT = iphoneos;
				SWIFT_COMPILATION_MODE = wholemodule;
				SWIFT_OPTIMIZATION_LEVEL = "-O";
				VALIDATE_PRODUCT = YES;
			};
			name = Release;
		};
		88457D1A29882CC600AF1F6E /* Debug */ = {
			isa = XCBuildConfiguration;
			buildSettings = {
				ASSETCATALOG_COMPILER_APPICON_NAME = AppIcon;
				ASSETCATALOG_COMPILER_GLOBAL_ACCENT_COLOR_NAME = AccentColor;
				CODE_SIGN_STYLE = Automatic;
				CURRENT_PROJECT_VERSION = 1;
				DEVELOPMENT_ASSET_PATHS = "\"ChatGPT/Preview Content\"";
				DEVELOPMENT_TEAM = CW8NA3383L;
				ENABLE_PREVIEWS = YES;
				GENERATE_INFOPLIST_FILE = YES;
				INFOPLIST_KEY_UIApplicationSceneManifest_Generation = YES;
				INFOPLIST_KEY_UIApplicationSupportsIndirectInputEvents = YES;
				INFOPLIST_KEY_UILaunchScreen_Generation = YES;
				INFOPLIST_KEY_UISupportedInterfaceOrientations_iPad = "UIInterfaceOrientationPortrait UIInterfaceOrientationPortraitUpsideDown UIInterfaceOrientationLandscapeLeft UIInterfaceOrientationLandscapeRight";
				INFOPLIST_KEY_UISupportedInterfaceOrientations_iPhone = "UIInterfaceOrientationPortrait UIInterfaceOrientationLandscapeLeft UIInterfaceOrientationLandscapeRight";
				IPHONEOS_DEPLOYMENT_TARGET = 15.0;
				LD_RUNPATH_SEARCH_PATHS = (
					"$(inherited)",
					"@executable_path/Frameworks",
				);
				MARKETING_VERSION = 1.0;
				PRODUCT_BUNDLE_IDENTIFIER = com.nishant.ChatGPT;
				PRODUCT_NAME = "$(TARGET_NAME)";
				SWIFT_EMIT_LOC_STRINGS = YES;
				SWIFT_VERSION = 5.0;
				TARGETED_DEVICE_FAMILY = 1;
			};
			name = Debug;
		};
		88457D1B29882CC600AF1F6E /* Release */ = {
			isa = XCBuildConfiguration;
			buildSettings = {
				ASSETCATALOG_COMPILER_APPICON_NAME = AppIcon;
				ASSETCATALOG_COMPILER_GLOBAL_ACCENT_COLOR_NAME = AccentColor;
				CODE_SIGN_STYLE = Automatic;
				CURRENT_PROJECT_VERSION = 1;
				DEVELOPMENT_ASSET_PATHS = "\"ChatGPT/Preview Content\"";
				DEVELOPMENT_TEAM = CW8NA3383L;
				ENABLE_PREVIEWS = YES;
				GENERATE_INFOPLIST_FILE = YES;
				INFOPLIST_KEY_UIApplicationSceneManifest_Generation = YES;
				INFOPLIST_KEY_UIApplicationSupportsIndirectInputEvents = YES;
				INFOPLIST_KEY_UILaunchScreen_Generation = YES;
				INFOPLIST_KEY_UISupportedInterfaceOrientations_iPad = "UIInterfaceOrientationPortrait UIInterfaceOrientationPortraitUpsideDown UIInterfaceOrientationLandscapeLeft UIInterfaceOrientationLandscapeRight";
				INFOPLIST_KEY_UISupportedInterfaceOrientations_iPhone = "UIInterfaceOrientationPortrait UIInterfaceOrientationLandscapeLeft UIInterfaceOrientationLandscapeRight";
				IPHONEOS_DEPLOYMENT_TARGET = 15.0;
				LD_RUNPATH_SEARCH_PATHS = (
					"$(inherited)",
					"@executable_path/Frameworks",
				);
				MARKETING_VERSION = 1.0;
				PRODUCT_BUNDLE_IDENTIFIER = com.nishant.ChatGPT;
				PRODUCT_NAME = "$(TARGET_NAME)";
				SWIFT_EMIT_LOC_STRINGS = YES;
				SWIFT_VERSION = 5.0;
				TARGETED_DEVICE_FAMILY = 1;
			};
			name = Release;
		};
/* End XCBuildConfiguration section */

/* Begin XCConfigurationList section */
		88457D0629882CC500AF1F6E /* Build configuration list for PBXProject "ChatGPT" */ = {
			isa = XCConfigurationList;
			buildConfigurations = (
				88457D1729882CC600AF1F6E /* Debug */,
				88457D1829882CC600AF1F6E /* Release */,
			);
			defaultConfigurationIsVisible = 0;
			defaultConfigurationName = Release;
		};
		88457D1929882CC600AF1F6E /* Build configuration list for PBXNativeTarget "ChatGPT" */ = {
			isa = XCConfigurationList;
			buildConfigurations = (
				88457D1A29882CC600AF1F6E /* Debug */,
				88457D1B29882CC600AF1F6E /* Release */,
			);
			defaultConfigurationIsVisible = 0;
			defaultConfigurationName = Release;
		};
/* End XCConfigurationList section */

/* Begin XCRemoteSwiftPackageReference section */
		88457D1C298834F600AF1F6E /* XCRemoteSwiftPackageReference "Alamofire" */ = {
			isa = XCRemoteSwiftPackageReference;
			repositoryURL = "https://github.com/Alamofire/Alamofire.git";
			requirement = {
				kind = upToNextMajorVersion;
				minimumVersion = 5.0.0;
			};
		};
/* End XCRemoteSwiftPackageReference section */

/* Begin XCSwiftPackageProductDependency section */
		88457D1D298834F600AF1F6E /* Alamofire */ = {
			isa = XCSwiftPackageProductDependency;
			package = 88457D1C298834F600AF1F6E /* XCRemoteSwiftPackageReference "Alamofire" */;
			productName = Alamofire;
		};
/* End XCSwiftPackageProductDependency section */
	};
	rootObject = 88457D0329882CC500AF1F6E /* Project object */;
}
